{
    "_meta": {
        "hash": {
            "sha256": "d28375af9522538c8c98fdbeca3740125ef48d8b658b156c89e8efc80471a00b"
        },
        "pipfile-spec": 6,
        "requires": {
            "python_version": "2.7"
        },
        "sources": [
            {
                "name": "pypi",
                "url": "https://pypi.org/simple",
                "verify_ssl": true
            }
        ]
    },
    "default": {
        "django": {
            "hashes": [
                "sha256:830d5d40a1705089502bba70605ab3246831440ffc16d1501dfeeef5f4b9c845",
                "sha256:94395804ad80f68d66090a74d68ff2583b43333e1785a026c2aa10cf161642a6"
            ],
            "index": "pypi",
            "version": "==1.11.22"
        },
        "pytz": {
            "hashes": [
                "sha256:303879e36b721603cc54604edcac9d20401bdbe31e1e4fdee5b9f98d5d31dfda",
                "sha256:d747dd3d23d77ef44c6a3526e274af6efeb0a6f1afd5a69ba4d5be4098c8e141"
            ],
            "version": "==2019.1"
        }
    },
    "develop": {}
}
